<?xml version="1.0" encoding="utf-8"?>
<Project ToolsVersion="4.0" xmlns="http://schemas.microsoft.com/developer/msbuild/2003">
  <ItemGroup>
    <ClCompile Include="bullet.cpp">
      <Filter>Objects</Filter>
    </ClCompile>
    <ClCompile Include="Item.cpp">
      <Filter>Objects</Filter>
    </ClCompile>
    <ClCompile Include="PhysicsComponent.cpp">
      <Filter>Components</Filter>
    </ClCompile>
    <ClCompile Include="CollisionComponent.cpp">
      <Filter>Components</Filter>
    </ClCompile>
    <ClCompile Include="Input.cpp">
      <Filter>Manager</Filter>
    </ClCompile>
    <ClCompile Include="ObjectManager.cpp">
      <Filter>Manager</Filter>
    </ClCompile>
    <ClCompile Include="SceneManager.cpp">
      <Filter>Manager</Filter>
    </ClCompile>
    <ClCompile Include="LoadPng.cpp">
      <Filter>Source</Filter>
    </ClCompile>
    <ClCompile Include="stdafx.cpp">
      <Filter>Source</Filter>
    </ClCompile>
    <ClCompile Include="SimpleGame.cpp">
      <Filter>Source</Filter>
    </ClCompile>
    <ClCompile Include="menuScene.cpp">
      <Filter>Scene</Filter>
    </ClCompile>
    <ClCompile Include="ship.cpp">
      <Filter>Objects</Filter>
    </ClCompile>
    <ClCompile Include="Reef.cpp">
      <Filter>Objects</Filter>
    </ClCompile>
    <ClCompile Include="Renderer.cpp">
      <Filter>Source</Filter>
    </ClCompile>
    <ClCompile Include="structure.cpp">
      <Filter>Objects</Filter>
    </ClCompile>
    <ClCompile Include="Object.cpp">
      <Filter>Objects</Filter>
    </ClCompile>
    <ClCompile Include="Wind.cpp">
      <Filter>Objects</Filter>
    </ClCompile>
  </ItemGroup>
  <ItemGroup>
    <ClInclude Include="Define.h" />
    <ClInclude Include="bullet.h">
      <Filter>Objects</Filter>
    </ClInclude>
    <ClInclude Include="Item.h">
      <Filter>Objects</Filter>
    </ClInclude>
    <ClInclude Include="PhysicsComponent.h">
      <Filter>Components</Filter>
    </ClInclude>
    <ClInclude Include="IComponent.h">
      <Filter>Components</Filter>
    </ClInclude>
    <ClInclude Include="CollisionComponent.h">
      <Filter>Components</Filter>
    </ClInclude>
    <ClInclude Include="Input.h">
      <Filter>Manager</Filter>
    </ClInclude>
    <ClInclude Include="ObjectManager.h">
      <Filter>Manager</Filter>
    </ClInclude>
    <ClInclude Include="SceneManager.h">
      <Filter>Manager</Filter>
    </ClInclude>
    <ClInclude Include="LoadPng.h">
      <Filter>Source</Filter>
    </ClInclude>
    <ClInclude Include="stdafx.h">
      <Filter>Source</Filter>
    </ClInclude>
    <ClInclude Include="menuScene.h">
      <Filter>Scene</Filter>
    </ClInclude>
    <ClInclude Include="ship.h">
      <Filter>Objects</Filter>
    </ClInclude>
    <ClInclude Include="Reef.h">
      <Filter>Objects</Filter>
    </ClInclude>
    <ClInclude Include="targetver.h">
      <Filter>Source</Filter>
    </ClInclude>
    <ClInclude Include="Scene.h">
      <Filter>Manager\SceneVirtual</Filter>
    </ClInclude>
    <ClInclude Include="Renderer.h">
      <Filter>Source</Filter>
    </ClInclude>
    <ClInclude Include="structure.h">
      <Filter>Objects</Filter>
    </ClInclude>
    <ClInclude Include="Object.h">
      <Filter>Objects</Filter>
    </ClInclude>
    <ClInclude Include="Wind.h">
      <Filter>Objects</Filter>
    </ClInclude>
  </ItemGroup>
  <ItemGroup>
    <None Include="Shaders\SolidRect.fs">
      <Filter>Shaders</Filter>
    </None>
    <None Include="Shaders\SolidRect.vs">
      <Filter>Shaders</Filter>
    </None>
    <None Include="cpp.hint" />
  </ItemGroup>
  <ItemGroup>
    <Text Include="ReadMe.txt" />
  </ItemGroup>
  <ItemGroup>
    <Filter Include="Manager">
      <UniqueIdentifier>{9e4b955e-3f9e-4c7f-a8b1-15338628ef2e}</UniqueIdentifier>
    </Filter>
    <Filter Include="Components">
      <UniqueIdentifier>{b9d3a252-61d2-4053-854c-92bb12c3a4f4}</UniqueIdentifier>
    </Filter>
    <Filter Include="Objects">
      <UniqueIdentifier>{af5d30ab-a119-4525-86e6-4d68d24a0651}</UniqueIdentifier>
    </Filter>
    <Filter Include="Shaders">
      <UniqueIdentifier>{0d723258-9283-4be9-87e1-7fc799073db2}</UniqueIdentifier>
    </Filter>
    <Filter Include="Source">
      <UniqueIdentifier>{2b278da4-2ac2-40da-80d3-7f2cad87b6d8}</UniqueIdentifier>
    </Filter>
    <Filter Include="Scene">
      <UniqueIdentifier>{30cbd80d-ba1b-4071-b321-cad08394e0aa}</UniqueIdentifier>
    </Filter>
    <Filter Include="Manager\SceneVirtual">
      <UniqueIdentifier>{e2cd0760-3ad6-4604-ac61-2f5806f1a654}</UniqueIdentifier>
    </Filter>
  </ItemGroup>
</Project>