<?xml version="1.0" encoding="utf-8"?>
<Project ToolsVersion="4.0" xmlns="http://schemas.microsoft.com/developer/msbuild/2003">
  <ItemGroup>
    <Filter Include="소스 파일">
      <UniqueIdentifier>{4FC737F1-C7A5-4376-A066-2A32D752A2FF}</UniqueIdentifier>
      <Extensions>cpp;c;cc;cxx;def;odl;idl;hpj;bat;asm;asmx</Extensions>
    </Filter>
    <Filter Include="헤더 파일">
      <UniqueIdentifier>{93995380-89BD-4b04-88EB-625FBE52EBFB}</UniqueIdentifier>
      <Extensions>h;hh;hpp;hxx;hm;inl;inc;xsd</Extensions>
    </Filter>
    <Filter Include="소스 파일\Shaders">
      <UniqueIdentifier>{aa86e47f-445f-4440-9a76-173363b46c4e}</UniqueIdentifier>
    </Filter>
    <Filter Include="Manager">
      <UniqueIdentifier>{1933eb0a-dc11-45b1-9f45-d4b56358c5c4}</UniqueIdentifier>
    </Filter>
    <Filter Include="Object">
      <UniqueIdentifier>{a439f676-0122-4768-9eb8-df72053ab5d1}</UniqueIdentifier>
    </Filter>
    <Filter Include="Manager\Scene">
      <UniqueIdentifier>{7222e6f7-f6ba-4432-ad6e-40c931427ebc}</UniqueIdentifier>
    </Filter>
    <Filter Include="Scene">
      <UniqueIdentifier>{eca92b64-2cdd-4f00-ba0d-006cd5a01cde}</UniqueIdentifier>
    </Filter>
    <Filter Include="Component">
      <UniqueIdentifier>{80f2bf6c-b640-4db4-9968-f623ef5e1335}</UniqueIdentifier>
    </Filter>
  </ItemGroup>
  <ItemGroup>
    <Text Include="ReadMe.txt" />
  </ItemGroup>
  <ItemGroup>
    <ClInclude Include="stdafx.h">
      <Filter>헤더 파일</Filter>
    </ClInclude>
    <ClInclude Include="targetver.h">
      <Filter>헤더 파일</Filter>
    </ClInclude>
    <ClInclude Include="Renderer.h">
      <Filter>헤더 파일</Filter>
    </ClInclude>
    <ClInclude Include="SceneManager.h">
      <Filter>Manager</Filter>
    </ClInclude>
    <ClInclude Include="Object.h">
      <Filter>Object</Filter>
    </ClInclude>
    <ClInclude Include="Define.h">
      <Filter>헤더 파일</Filter>
    </ClInclude>
    <ClInclude Include="structure.h">
      <Filter>Object</Filter>
    </ClInclude>
    <ClInclude Include="Scene.h">
      <Filter>Manager\Scene</Filter>
    </ClInclude>
    <ClInclude Include="menuScene.h">
      <Filter>Scene</Filter>
    </ClInclude>
    <ClInclude Include="Input.h">
      <Filter>Manager</Filter>
    </ClInclude>
    <ClInclude Include="LoadPng.h">
      <Filter>소스 파일</Filter>
    </ClInclude>
    <ClInclude Include="IComponent.h">
      <Filter>Component</Filter>
    </ClInclude>
    <ClInclude Include="PhysicsComponent.h">
      <Filter>Component</Filter>
    </ClInclude>
    <ClInclude Include="testObject.h">
      <Filter>Object</Filter>
    </ClInclude>
  </ItemGroup>
  <ItemGroup>
    <ClCompile Include="stdafx.cpp">
      <Filter>소스 파일</Filter>
    </ClCompile>
    <ClCompile Include="SimpleGame.cpp">
      <Filter>소스 파일</Filter>
    </ClCompile>
    <ClCompile Include="Renderer.cpp">
      <Filter>소스 파일</Filter>
    </ClCompile>
    <ClCompile Include="SceneManager.cpp">
      <Filter>Manager</Filter>
    </ClCompile>
    <ClCompile Include="Object.cpp">
      <Filter>Object</Filter>
    </ClCompile>
    <ClCompile Include="structure.cpp">
      <Filter>Object</Filter>
    </ClCompile>
    <ClCompile Include="menuScene.cpp">
      <Filter>Scene</Filter>
    </ClCompile>
    <ClCompile Include="Input.cpp">
      <Filter>Manager</Filter>
    </ClCompile>
    <ClCompile Include="LoadPng.cpp">
      <Filter>소스 파일</Filter>
    </ClCompile>
    <ClCompile Include="PhysicsComponent.cpp">
      <Filter>Component</Filter>
    </ClCompile>
    <ClCompile Include="testObject.cpp">
      <Filter>Object</Filter>
    </ClCompile>
  </ItemGroup>
  <ItemGroup>
    <None Include="Shaders\SolidRect.fs">
      <Filter>소스 파일\Shaders</Filter>
    </None>
    <None Include="Shaders\SolidRect.vs">
      <Filter>소스 파일\Shaders</Filter>
    </None>
  </ItemGroup>
</Project>